
Microsoft Visual Studio Solution File, Format Version 12.00
# Visual Studio 2012
Project("{FAE04EC0-301F-11D3-BF4B-00C04F79EFBC}") = "LiveLowCarbApp", "LiveLowCarbApp\LiveLowCarbApp.csproj", "{20dcc70b-ddd5-4f1a-aabe-1b0226daf62b}"
EndProject
Global
	GlobalSection(SolutionConfigurationPlatforms) = preSolution
		Debug|Any CPU = Debug|Any CPU
		Release|Any CPU = Release|Any CPU
	EndGlobalSection
	GlobalSection(ProjectConfigurationPlatforms) = postSolution
		{20DCC70B-DDD5-4F1A-AABE-1B0226DAF62B}.Debug|Any CPU.ActiveCfg = Debug|Any CPU
		{20DCC70B-DDD5-4F1A-AABE-1B0226DAF62B}.Debug|Any CPU.Build.0 = Debug|Any CPU
		{20DCC70B-DDD5-4F1A-AABE-1B0226DAF62B}.Debug|Any CPU.Deploy.0 = Debug|Any CPU
		{20DCC70B-DDD5-4F1A-AABE-1B0226DAF62B}.Release|Any CPU.ActiveCfg = Release|Any CPU
		{20DCC70B-DDD5-4F1A-AABE-1B0226DAF62B}.Release|Any CPU.Build.0 = Release|Any CPU
		{20DCC70B-DDD5-4F1A-AABE-1B0226DAF62B}.Release|Any CPU.Deploy.0 = Release|Any CPU
	EndGlobalSection
EndGlobal
